{
  "name": "persistant-shell",
  "version": "0.0.1",
  "lockfileVersion": 1,
  "requires": true,
  "dependencies": {
    "asn1": {
      "version": "0.2.4",
      "resolved": "https://registry.npmjs.org/asn1/-/asn1-0.2.4.tgz",
      "integrity": "sha512-jxwzQpLQjSmWXgwaCZE9Nz+glAG01yF1QnWgbhGwHI5A6FRIEY6IVqtHhIepHqI7/kyEyQEagBC5mBEFlIYvdg==",
      "requires": {
        "safer-buffer": "2.1.2"
      }
    },
    "coffee-script": {
      "version": "1.12.7",
      "resolved": "https://registry.npmjs.org/coffee-script/-/coffee-script-1.12.7.tgz",
      "integrity": "sha512-fLeEhqwymYat/MpTPUjSKHVYYl0ec2mOyALEMLmzr5i1isuG+6jfI2j2d5oBO3VIzgUXgBVIcOT9uH1TFxBckw==",
      "dev": true
    },
    "dotenv": {
      "version": "6.0.0",
      "resolved": "https://registry.npmjs.org/dotenv/-/dotenv-6.0.0.tgz",
      "integrity": "sha512-FlWbnhgjtwD+uNLUGHbMykMOYQaTivdHEmYwAKFjn6GKe/CqY0fNae93ZHTd20snh9ZLr8mTzIL9m0APQ1pjQg==",
      "dev": true
    },
    "safer-buffer": {
      "version": "2.1.2",
      "resolved": "https://registry.npmjs.org/safer-buffer/-/safer-buffer-2.1.2.tgz",
      "integrity": "sha512-YZo3K82SD7Riyi0E1EQPojLz7kpepnSQI9IyPbHHg1XXXevb5dJI7tpyN2ADxGcQbHG7vcyRHk0cbwqcQriUtg=="
    },
    "semver": {
      "version": "5.5.1",
      "resolved": "https://registry.npmjs.org/semver/-/semver-5.5.1.tgz",
      "integrity": "sha512-PqpAxfrEhlSUWge8dwIp4tZnQ25DIOthpiaHNIthsjEFQD6EvqUKUDM7L8O2rShkFccYo1VjJR0coWfNkCubRw=="
    },
    "ssh2": {
      "version": "0.6.1",
      "resolved": "https://registry.npmjs.org/ssh2/-/ssh2-0.6.1.tgz",
      "integrity": "sha512-fNvocq+xetsaAZtBG/9Vhh0GDjw1jQeW7Uq/DPh4fVrJd0XxSfXAqBjOGVk4o2jyWHvyC6HiaPFpfHlR12coDw==",
      "requires": {
        "ssh2-streams": "0.2.1"
      }
    },
    "ssh2-streams": {
      "version": "0.2.1",
      "resolved": "https://registry.npmjs.org/ssh2-streams/-/ssh2-streams-0.2.1.tgz",
      "integrity": "sha512-3zCOsmunh1JWgPshfhKmBCL3lUtHPoh+a/cyQ49Ft0Q0aF7xgN06b76L+oKtFi0fgO57FLjFztb1GlJcEZ4a3Q==",
      "requires": {
        "asn1": "0.2.4",
        "semver": "5.5.1",
        "streamsearch": "0.1.2"
      }
    },
    "streamsearch": {
      "version": "0.1.2",
      "resolved": "https://registry.npmjs.org/streamsearch/-/streamsearch-0.1.2.tgz",
      "integrity": "sha1-gIudDlb8Jz2Am6VzOOkpkZoanxo="
    }
  }
}
